# THIS IS AN AUTOGENERATED FILE. DO NOT EDIT THIS FILE DIRECTLY.
# yarn lockfile v1
acorn-jsx@^3.0.0:
  version "3.0.1"
  resolved "http://npm.paypal.com/acorn-jsx/-/acorn-jsx-3.0.1.tgz#afdf9488fb1ecefc8348f6fb22f464e32a58b36b"
  dependencies:
    acorn "^3.0.4"

acorn@^3.0.4:
  version "3.3.0"
  resolved "http://npm.paypal.com/acorn/-/acorn-3.3.0.tgz#45e37fb39e8da3f25baee3ff5369e2bb5f22017a"

acorn@^4.0.1:
  version "4.0.3"
  resolved "http://npm.paypal.com/acorn/-/acorn-4.0.3.tgz#1a3e850b428e73ba6b09d1cc527f5aaad4d03ef1"

ajv-keywords@^1.0.0:
  version "1.1.1"
  resolved "http://npm.paypal.com/ajv-keywords/-/ajv-keywords-1.1.1.tgz#02550bc605a3e576041565628af972e06c549d50"

ajv@^4.7.0:
  version "4.7.7"
  resolved "http://npm.paypal.com/ajv/-/ajv-4.7.7.tgz#4980d5f65ce90a2579532eec66429f320dea0321"
  dependencies:
    co "^4.6.0"
    json-stable-stringify "^1.0.1"

ansi-escapes@^1.1.0:
  version "1.4.0"
  resolved "http://npm.paypal.com/ansi-escapes/-/ansi-escapes-1.4.0.tgz#d3a8a83b319aa67793662b13e761c7911422306e"

ansi-regex@^2.0.0:
  version "2.0.0"
  resolved "http://npm.paypal.com/ansi-regex/-/ansi-regex-2.0.0.tgz#c5061b6e0ef8a81775e50f5d66151bf6bf371107"

ansi-styles@^2.2.1:
  version "2.2.1"
  resolved "http://npm.paypal.com/ansi-styles/-/ansi-styles-2.2.1.tgz#b432dd3358b634cf75e1e4664368240533c1ddbe"

aphrodite@^0.5.0:
  version "0.5.0"
  resolved "http://npm.paypal.com/aphrodite/-/aphrodite-0.5.0.tgz#a4b9a8902662395d2702e70ac7a2b4ca66f25703"
  dependencies:
    asap "^2.0.3"
    inline-style-prefixer "^2.0.0"

argparse@^1.0.7:
  version "1.0.9"
  resolved "http://npm.paypal.com/argparse/-/argparse-1.0.9.tgz#73d83bc263f86e97f8cc4f6bae1b0e90a7d22c86"
  dependencies:
    sprintf-js "~1.0.2"

array-union@^1.0.1:
  version "1.0.2"
  resolved "http://npm.paypal.com/array-union/-/array-union-1.0.2.tgz#9a34410e4f4e3da23dea375be5be70f24778ec39"
  dependencies:
    array-uniq "^1.0.1"

array-uniq@^1.0.1:
  version "1.0.3"
  resolved "http://npm.paypal.com/array-uniq/-/array-uniq-1.0.3.tgz#af6ac877a25cc7f74e058894753858dfdb24fdb6"

arrify@^1.0.0:
  version "1.0.1"
  resolved "http://npm.paypal.com/arrify/-/arrify-1.0.1.tgz#898508da2226f380df904728456849c1501a4b0d"

asap@^2.0.3, asap@~2.0.3:
  version "2.0.5"
  resolved "http://npm.paypal.com/asap/-/asap-2.0.5.tgz#522765b50c3510490e52d7dcfe085ef9ba96958f"

asn1@~0.2.3:
  version "0.2.3"
  resolved "http://npm.paypal.com/asn1/-/asn1-0.2.3.tgz#dac8787713c9966849fc8180777ebe9c1ddf3b86"

assert-plus@^0.2.0:
  version "0.2.0"
  resolved "http://npm.paypal.com/assert-plus/-/assert-plus-0.2.0.tgz#d74e1b87e7affc0db8aadb7021f3fe48101ab234"

assert-plus@^1.0.0:
  version "1.0.0"
  resolved "http://npm.paypal.com/assert-plus/-/assert-plus-1.0.0.tgz#f12e0f3c5d77b0b1cdd9146942e4e96c1e4dd525"

asynckit@^0.4.0:
  version "0.4.0"
  resolved "http://npm.paypal.com/asynckit/-/asynckit-0.4.0.tgz#c79ed97f7f34cb8f2ba1bc9790bcc366474b4b79"

aws-sign2@~0.6.0:
  version "0.6.0"
  resolved "http://npm.paypal.com/aws-sign2/-/aws-sign2-0.6.0.tgz#14342dd38dbcc94d0e5b87d763cd63612c0e794f"

aws4@^1.2.1:
  version "1.4.1"
  resolved "http://npm.paypal.com/aws4/-/aws4-1.4.1.tgz#fde7d5292466d230e5ee0f4e038d9dfaab08fc61"

balanced-match@^0.4.1:
  version "0.4.2"
  resolved "http://npm.paypal.com/balanced-match/-/balanced-match-0.4.2.tgz#cb3f3e3c732dc0f01ee70b403f302e61d7709838"

bcrypt-pbkdf@^1.0.0:
  version "1.0.0"
  resolved "http://npm.paypal.com/bcrypt-pbkdf/-/bcrypt-pbkdf-1.0.0.tgz#3ca76b85241c7170bf7d9703e7b9aa74630040d4"
  dependencies:
    tweetnacl "^0.14.3"

bl@~1.1.2:
  version "1.1.2"
  resolved "http://npm.paypal.com/bl/-/bl-1.1.2.tgz#fdca871a99713aa00d19e3bbba41c44787a65398"
  dependencies:
    readable-stream "~2.0.5"

boom@2.x.x:
  version "2.10.1"
  resolved "http://npm.paypal.com/boom/-/boom-2.10.1.tgz#39c8918ceff5799f83f9492a848f625add0c766f"
  dependencies:
    hoek "2.x.x"

bowser@^1.0.0:
  version "1.4.6"
  resolved "http://npm.paypal.com/bowser/-/bowser-1.4.6.tgz#2be801851089a165d504f417ea6ddcacf774af43"

brace-expansion@^1.0.0:
  version "1.1.6"
  resolved "http://npm.paypal.com/brace-expansion/-/brace-expansion-1.1.6.tgz#7197d7eaa9b87e648390ea61fc66c84427420df9"
  dependencies:
    balanced-match "^0.4.1"
    concat-map "0.0.1"

builtin-modules@^1.1.1:
  version "1.1.1"
  resolved "http://npm.paypal.com/builtin-modules/-/builtin-modules-1.1.1.tgz#270f076c5a72c02f5b65a47df94c5fe3a278892f"

caller-path@^0.1.0:
  version "0.1.0"
  resolved "http://npm.paypal.com/caller-path/-/caller-path-0.1.0.tgz#94085ef63581ecd3daa92444a8fe94e82577751f"
  dependencies:
    callsites "^0.2.0"

callsites@^0.2.0:
  version "0.2.0"
  resolved "http://npm.paypal.com/callsites/-/callsites-0.2.0.tgz#afab96262910a7f33c19a5775825c69f34e350ca"

caseless@~0.11.0:
  version "0.11.0"
  resolved "http://npm.paypal.com/caseless/-/caseless-0.11.0.tgz#715b96ea9841593cc33067923f5ec60ebda4f7d7"

chalk@^1.0.0, chalk@^1.1.1, chalk@^1.1.3:
  version "1.1.3"
  resolved "http://npm.paypal.com/chalk/-/chalk-1.1.3.tgz#a8115c55e4a702fe4d150abd3872822a7e09fc98"
  dependencies:
    ansi-styles "^2.2.1"
    escape-string-regexp "^1.0.2"
    has-ansi "^2.0.0"
    strip-ansi "^3.0.0"
    supports-color "^2.0.0"

chart.js@^2.2.2, chart.js@^2.3.0:
  version "2.3.0"
  resolved "http://npm.paypal.com/chart.js/-/chart.js-2.3.0.tgz#40460e48e2c417c05fc3325cd84f7b000dc7d7d6"
  dependencies:
    chartjs-color "^2.0.0"
    moment "^2.10.6"

chartjs-color-string@^0.4.0:
  version "0.4.0"
  resolved "http://npm.paypal.com/chartjs-color-string/-/chartjs-color-string-0.4.0.tgz#57748d4530ae28d8db0a5492182ba06dfdf2f468"
  dependencies:
    color-name "^1.0.0"

chartjs-color@^2.0.0:
  version "2.0.0"
  resolved "http://npm.paypal.com/chartjs-color/-/chartjs-color-2.0.0.tgz#7f60c7256589b24914814ece757659117381e35b"
  dependencies:
    chartjs-color-string "^0.4.0"
    color-convert "^0.5.3"

circular-json@^0.3.0:
  version "0.3.1"
  resolved "http://npm.paypal.com/circular-json/-/circular-json-0.3.1.tgz#be8b36aefccde8b3ca7aa2d6afc07a37242c0d2d"

cli-cursor@^1.0.1:
  version "1.0.2"
  resolved "http://npm.paypal.com/cli-cursor/-/cli-cursor-1.0.2.tgz#64da3f7d56a54412e59794bd62dc35295e8f2987"
  dependencies:
    restore-cursor "^1.0.1"

cli-width@^2.0.0:
  version "2.1.0"
  resolved "http://npm.paypal.com/cli-width/-/cli-width-2.1.0.tgz#b234ca209b29ef66fc518d9b98d5847b00edf00a"

co@^4.6.0:
  version "4.6.0"
  resolved "http://npm.paypal.com/co/-/co-4.6.0.tgz#6ea6bdf3d853ae54ccb8e47bfa0bf3f9031fb184"

code-point-at@^1.0.0:
  version "1.0.1"
  resolved "http://npm.paypal.com/code-point-at/-/code-point-at-1.0.1.tgz#1104cd34f9b5b45d3eba88f1babc1924e1ce35fb"
  dependencies:
    number-is-nan "^1.0.0"

color-convert@^0.5.3:
  version "0.5.3"
  resolved "http://npm.paypal.com/color-convert/-/color-convert-0.5.3.tgz#bdb6c69ce660fadffe0b0007cc447e1b9f7282bd"

color-name@^1.0.0:
  version "1.1.1"
  resolved "http://npm.paypal.com/color-name/-/color-name-1.1.1.tgz#4b1415304cf50028ea81643643bd82ea05803689"

combined-stream@^1.0.5, combined-stream@~1.0.5:
  version "1.0.5"
  resolved "http://npm.paypal.com/combined-stream/-/combined-stream-1.0.5.tgz#938370a57b4a51dea2c77c15d5c5fdf895164009"
  dependencies:
    delayed-stream "~1.0.0"

commander@^2.9.0, commander@2:
  version "2.9.0"
  resolved "http://npm.paypal.com/commander/-/commander-2.9.0.tgz#9c99094176e12240cb22d6c5146098400fe0f7d4"
  dependencies:
    graceful-readlink ">= 1.0.0"

concat-map@0.0.1:
  version "0.0.1"
  resolved "http://npm.paypal.com/concat-map/-/concat-map-0.0.1.tgz#d8a96bd77fd68df7793a73036a3ba0d5405d477b"

concat-stream@^1.4.6:
  version "1.5.2"
  resolved "http://npm.paypal.com/concat-stream/-/concat-stream-1.5.2.tgz#708978624d856af41a5a741defdd261da752c266"
  dependencies:
    inherits "~2.0.1"
    readable-stream "~2.0.0"
    typedarray "~0.0.5"

contains-path@^0.1.0:
  version "0.1.0"
  resolved "http://npm.paypal.com/contains-path/-/contains-path-0.1.0.tgz#fe8cf184ff6670b6baef01a9d4861a5cbec4120a"

core-js@^1.0.0:
  version "1.2.7"
  resolved "http://npm.paypal.com/core-js/-/core-js-1.2.7.tgz#652294c14651db28fa93bd2d5ff2983a4f08c636"

core-util-is@~1.0.0:
  version "1.0.2"
  resolved "http://npm.paypal.com/core-util-is/-/core-util-is-1.0.2.tgz#b5fd54220aa2bc5ab57aab7140c940754503c1a7"

cryptiles@2.x.x:
  version "2.0.5"
  resolved "http://npm.paypal.com/cryptiles/-/cryptiles-2.0.5.tgz#3bdfecdc608147c1c67202fa291e7dca59eaa3b8"
  dependencies:
    boom "2.x.x"

d@^0.1.1, d@~0.1.1:
  version "0.1.1"
  resolved "http://npm.paypal.com/d/-/d-0.1.1.tgz#da184c535d18d8ee7ba2aa229b914009fae11309"
  dependencies:
    es5-ext "~0.10.2"

d3-array@1, d3-array@1.0.1:
  version "1.0.1"
  resolved "http://npm.paypal.com/d3-array/-/d3-array-1.0.1.tgz#375c02874fcd96c16ed9f1bcf5b4a7be53f358e7"

d3-axis@1.0.3:
  version "1.0.3"
  resolved "http://npm.paypal.com/d3-axis/-/d3-axis-1.0.3.tgz#ddcbd8a23c2a568d3787de0dee00a36413c5d595"

d3-brush@1.0.3:
  version "1.0.3"
  resolved "http://npm.paypal.com/d3-brush/-/d3-brush-1.0.3.tgz#4fa5374cc3b755d0990bf76b71b7a66417751c74"
  dependencies:
    d3-dispatch "1"
    d3-drag "1"
    d3-interpolate "1"
    d3-selection "1"
    d3-transition "1"

d3-chord@1.0.2:
  version "1.0.2"
  resolved "http://npm.paypal.com/d3-chord/-/d3-chord-1.0.2.tgz#9b1ac90efe7de448c0b9188309071de52855a99a"
  dependencies:
    d3-array "1"
    d3-path "1"

d3-collection@1, d3-collection@1.0.1:
  version "1.0.1"
  resolved "http://npm.paypal.com/d3-collection/-/d3-collection-1.0.1.tgz#5b5c5626f731122b600b107d71a08833fec049ad"

d3-color@1, d3-color@1.0.1:
  version "1.0.1"
  resolved "http://npm.paypal.com/d3-color/-/d3-color-1.0.1.tgz#73cc91f4ee3f12e00ca06b1596a7c83cf104723a"

d3-dispatch@1, d3-dispatch@1.0.1:
  version "1.0.1"
  resolved "http://npm.paypal.com/d3-dispatch/-/d3-dispatch-1.0.1.tgz#4bd65a43cecff4318deb9df24552aa8bf281a840"

d3-drag@1, d3-drag@1.0.1:
  version "1.0.1"
  resolved "http://npm.paypal.com/d3-drag/-/d3-drag-1.0.1.tgz#49ad9f5c91865593fb30c86b15f9322d43fec51f"
  dependencies:
    d3-dispatch "1"
    d3-selection "1"

d3-dsv@1, d3-dsv@1.0.3:
  version "1.0.3"
  resolved "http://npm.paypal.com/d3-dsv/-/d3-dsv-1.0.3.tgz#049fe43c0f5f60c7ff7d376616bc76d6fc9d378f"
  dependencies:
    commander "2"
    iconv-lite "0.4"
    rw "1"

d3-ease@1, d3-ease@1.0.1:
  version "1.0.1"
  resolved "http://npm.paypal.com/d3-ease/-/d3-ease-1.0.1.tgz#a18c2d44e218fb8b9ec6d635bcca587f85979a85"

d3-force@1.0.3:
  version "1.0.3"
  resolved "http://npm.paypal.com/d3-force/-/d3-force-1.0.3.tgz#4b7bc812382b24497954b19a6130b551a33e1b73"
  dependencies:
    d3-collection "1"
    d3-dispatch "1"
    d3-quadtree "1"
    d3-timer "1"

d3-format@1, d3-format@1.0.2:
  version "1.0.2"
  resolved "http://npm.paypal.com/d3-format/-/d3-format-1.0.2.tgz#138618320b4bbeb43b5c0ff30519079fbbd7375e"

d3-geo@1.2.6:
  version "1.2.6"
  resolved "http://npm.paypal.com/d3-geo/-/d3-geo-1.2.6.tgz#fa51288240a30eb6ca4885c15148e9c5256a7b00"
  dependencies:
    d3-array "1"

d3-hierarchy@1.0.2:
  version "1.0.2"
  resolved "http://npm.paypal.com/d3-hierarchy/-/d3-hierarchy-1.0.2.tgz#c8faa11dc49bcc93914c6aa35a46bdee4e01ee72"

d3-interpolate@1, d3-interpolate@1.1.1:
  version "1.1.1"
  resolved "http://npm.paypal.com/d3-interpolate/-/d3-interpolate-1.1.1.tgz#f9ad4f9a421b22cad8838cf53d9bd2cbad0b8fd7"
  dependencies:
    d3-color "1"

d3-path@1, d3-path@1.0.2:
  version "1.0.2"
  resolved "http://npm.paypal.com/d3-path/-/d3-path-1.0.2.tgz#9941a472daed62084e5ecf4394987bcadc8c39a7"

d3-polygon@1.0.1:
  version "1.0.1"
  resolved "http://npm.paypal.com/d3-polygon/-/d3-polygon-1.0.1.tgz#c1e710cc715b082f18494d102e41bdaaf8c44d03"

d3-quadtree@1, d3-quadtree@1.0.1:
  version "1.0.1"
  resolved "http://npm.paypal.com/d3-quadtree/-/d3-quadtree-1.0.1.tgz#13be025624f110405ed43536c506aaec199ed591"

d3-queue@3.0.3:
  version "3.0.3"
  resolved "http://npm.paypal.com/d3-queue/-/d3-queue-3.0.3.tgz#10ee4dd0574a1affaabfb931d0ba4f117926edc6"

d3-random@1.0.1:
  version "1.0.1"
  resolved "http://npm.paypal.com/d3-random/-/d3-random-1.0.1.tgz#2c9444cdcba23f8c41f7940d46bf301bf99603eb"

d3-request@1.0.2:
  version "1.0.2"
  resolved "http://npm.paypal.com/d3-request/-/d3-request-1.0.2.tgz#98083736d4146fdd28703b5aa8ef7e7328ba3f69"
  dependencies:
    d3-collection "1"
    d3-dispatch "1"
    d3-dsv "1"
    xmlhttprequest "1"

d3-scale@1.0.3:
  version "1.0.3"
  resolved "http://npm.paypal.com/d3-scale/-/d3-scale-1.0.3.tgz#4f9e8f0cc2ea0f3925ff04ac27adc09045fa4c90"
  dependencies:
    d3-array "1"
    d3-collection "1"
    d3-color "1"
    d3-format "1"
    d3-interpolate "1"
    d3-time "1"
    d3-time-format "2"

d3-selection@1, d3-selection@1.0.2:
  version "1.0.2"
  resolved "http://npm.paypal.com/d3-selection/-/d3-selection-1.0.2.tgz#ae662afd4702ac9c5da039b2107a1764fa1c9070"

d3-shape@1.0.3:
  version "1.0.3"
  resolved "http://npm.paypal.com/d3-shape/-/d3-shape-1.0.3.tgz#bf685dcfc192ed1d35a39ff69826a409a9385034"
  dependencies:
    d3-path "1"

d3-time-format@2, d3-time-format@2.0.2:
  version "2.0.2"
  resolved "http://npm.paypal.com/d3-time-format/-/d3-time-format-2.0.2.tgz#1c537e9d4558966a658c51f4ca3dd1b47369c2d5"
  dependencies:
    d3-time "1"

d3-time@1, d3-time@1.0.4:
  version "1.0.4"
  resolved "http://npm.paypal.com/d3-time/-/d3-time-1.0.4.tgz#2ceba09a76b7450c992a1ded4e10fc6195e69649"

d3-timer@1, d3-timer@1.0.3:
  version "1.0.3"
  resolved "http://npm.paypal.com/d3-timer/-/d3-timer-1.0.3.tgz#7a308a10c8524778e6b32d1d6c1c329209ae0ebf"

d3-transition@1, d3-transition@1.0.2:
  version "1.0.2"
  resolved "http://npm.paypal.com/d3-transition/-/d3-transition-1.0.2.tgz#987b4e350099ae2f1783fe259a94b45db7209963"
  dependencies:
    d3-color "1"
    d3-dispatch "1"
    d3-ease "1"
    d3-interpolate "1"
    d3-selection "1"
    d3-timer "1"

d3-voronoi@1.0.2:
  version "1.0.2"
  resolved "http://npm.paypal.com/d3-voronoi/-/d3-voronoi-1.0.2.tgz#09b1a3a7891c4ed8376d9ffdb2e770430f3f55c3"

d3-zoom@1.0.3:
  version "1.0.3"
  resolved "http://npm.paypal.com/d3-zoom/-/d3-zoom-1.0.3.tgz#b36bfb517e535dff0e179088dbeb3d7899a6050e"
  dependencies:
    d3-dispatch "1"
    d3-drag "1"
    d3-interpolate "1"
    d3-selection "1"
    d3-transition "1"

d3@^4.2.2:
  version "4.2.7"
  resolved "http://npm.paypal.com/d3/-/d3-4.2.7.tgz#54a8b67c7c0673aeaada0f25b7dd31963ca8c958"
  dependencies:
    d3-array "1.0.1"
    d3-axis "1.0.3"
    d3-brush "1.0.3"
    d3-chord "1.0.2"
    d3-collection "1.0.1"
    d3-color "1.0.1"
    d3-dispatch "1.0.1"
    d3-drag "1.0.1"
    d3-dsv "1.0.3"
    d3-ease "1.0.1"
    d3-force "1.0.3"
    d3-format "1.0.2"
    d3-geo "1.2.6"
    d3-hierarchy "1.0.2"
    d3-interpolate "1.1.1"
    d3-path "1.0.2"
    d3-polygon "1.0.1"
    d3-quadtree "1.0.1"
    d3-queue "3.0.3"
    d3-random "1.0.1"
    d3-request "1.0.2"
    d3-scale "1.0.3"
    d3-selection "1.0.2"
    d3-shape "1.0.3"
    d3-time "1.0.4"
    d3-time-format "2.0.2"
    d3-timer "1.0.3"
    d3-transition "1.0.2"
    d3-voronoi "1.0.2"
    d3-zoom "1.0.3"

damerau-levenshtein@^1.0.0:
  version "1.0.3"
  resolved "http://npm.paypal.com/damerau-levenshtein/-/damerau-levenshtein-1.0.3.tgz#ae4f4ce0b62acae10ff63a01bb08f652f5213af2"

dashdash@^1.12.0:
  version "1.14.0"
  resolved "http://npm.paypal.com/dashdash/-/dashdash-1.14.0.tgz#29e486c5418bf0f356034a993d51686a33e84141"
  dependencies:
    assert-plus "^1.0.0"

debug@^2.1.1, debug@^2.2.0:
  version "2.2.0"
  resolved "http://npm.paypal.com/debug/-/debug-2.2.0.tgz#f87057e995b1a1f6ae6a4960664137bc56f039da"
  dependencies:
    ms "0.7.1"

deep-is@~0.1.3:
  version "0.1.3"
  resolved "http://npm.paypal.com/deep-is/-/deep-is-0.1.3.tgz#b369d6fb5dbc13eecf524f91b070feedc357cf34"

del@^2.0.2:
  version "2.2.2"
  resolved "http://npm.paypal.com/del/-/del-2.2.2.tgz#c12c981d067846c84bcaf862cff930d907ffd1a8"
  dependencies:
    globby "^5.0.0"
    is-path-cwd "^1.0.0"
    is-path-in-cwd "^1.0.0"
    object-assign "^4.0.1"
    pify "^2.0.0"
    pinkie-promise "^2.0.0"
    rimraf "^2.2.8"

delayed-stream@~1.0.0:
  version "1.0.0"
  resolved "http://npm.paypal.com/delayed-stream/-/delayed-stream-1.0.0.tgz#df3ae199acadfb7d440aaae0b29e2272b24ec619"

doctrine@^1.2.2:
  version "1.4.0"
  resolved "http://npm.paypal.com/doctrine/-/doctrine-1.4.0.tgz#e2db32defa752407b935b381e89f3740e469e599"
  dependencies:
    esutils "^2.0.2"
    isarray "^1.0.0"

doctrine@1.3.x:
  version "1.3.0"
  resolved "http://npm.paypal.com/doctrine/-/doctrine-1.3.0.tgz#13e75682b55518424276f7c173783456ef913d26"
  dependencies:
    esutils "^2.0.2"
    isarray "^1.0.0"

ecc-jsbn@~0.1.1:
  version "0.1.1"
  resolved "http://npm.paypal.com/ecc-jsbn/-/ecc-jsbn-0.1.1.tgz#0fc73a9ed5f0d53c38193398523ef7e543777505"
  dependencies:
    jsbn "~0.1.0"

encoding@^0.1.11:
  version "0.1.12"
  resolved "http://npm.paypal.com/encoding/-/encoding-0.1.12.tgz#538b66f3ee62cd1ab51ec323829d1f9480c74beb"
  dependencies:
    iconv-lite "~0.4.13"

es5-ext@^0.10.7, es5-ext@^0.10.8, es5-ext@~0.10.11, es5-ext@~0.10.2, es5-ext@~0.10.7:
  version "0.10.12"
  resolved "http://npm.paypal.com/es5-ext/-/es5-ext-0.10.12.tgz#aa84641d4db76b62abba5e45fd805ecbab140047"
  dependencies:
    es6-iterator "2"
    es6-symbol "~3.1"

es6-iterator@2:
  version "2.0.0"
  resolved "http://npm.paypal.com/es6-iterator/-/es6-iterator-2.0.0.tgz#bd968567d61635e33c0b80727613c9cb4b096bac"
  dependencies:
    d "^0.1.1"
    es5-ext "^0.10.7"
    es6-symbol "3"

es6-map@^0.1.3:
  version "0.1.4"
  resolved "http://npm.paypal.com/es6-map/-/es6-map-0.1.4.tgz#a34b147be224773a4d7da8072794cefa3632b897"
  dependencies:
    d "~0.1.1"
    es5-ext "~0.10.11"
    es6-iterator "2"
    es6-set "~0.1.3"
    es6-symbol "~3.1.0"
    event-emitter "~0.3.4"

es6-set@^0.1.4, es6-set@~0.1.3:
  version "0.1.4"
  resolved "http://npm.paypal.com/es6-set/-/es6-set-0.1.4.tgz#9516b6761c2964b92ff479456233a247dc707ce8"
  dependencies:
    d "~0.1.1"
    es5-ext "~0.10.11"
    es6-iterator "2"
    es6-symbol "3"
    event-emitter "~0.3.4"

es6-symbol@~3.1, es6-symbol@~3.1.0, es6-symbol@3:
  version "3.1.0"
  resolved "http://npm.paypal.com/es6-symbol/-/es6-symbol-3.1.0.tgz#94481c655e7a7cad82eba832d97d5433496d7ffa"
  dependencies:
    d "~0.1.1"
    es5-ext "~0.10.11"

es6-weak-map@^2.0.1:
  version "2.0.1"
  resolved "http://npm.paypal.com/es6-weak-map/-/es6-weak-map-2.0.1.tgz#0d2bbd8827eb5fb4ba8f97fbfea50d43db21ea81"
  dependencies:
    d "^0.1.1"
    es5-ext "^0.10.8"
    es6-iterator "2"
    es6-symbol "3"

escape-string-regexp@^1.0.2, escape-string-regexp@^1.0.5:
  version "1.0.5"
  resolved "http://npm.paypal.com/escape-string-regexp/-/escape-string-regexp-1.0.5.tgz#1b61c0562190a8dff6ae3bb2cf0200ca130b86d4"

escope@^3.6.0:
  version "3.6.0"
  resolved "http://npm.paypal.com/escope/-/escope-3.6.0.tgz#e01975e812781a163a6dadfdd80398dc64c889c3"
  dependencies:
    es6-map "^0.1.3"
    es6-weak-map "^2.0.1"
    esrecurse "^4.1.0"
    estraverse "^4.1.1"

eslint-import-resolver-node@^0.2.0:
  version "0.2.3"
  resolved "http://npm.paypal.com/eslint-import-resolver-node/-/eslint-import-resolver-node-0.2.3.tgz#5add8106e8c928db2cba232bcd9efa846e3da16c"
  dependencies:
    debug "^2.2.0"
    object-assign "^4.0.1"
    resolve "^1.1.6"

eslint-plugin-import@^1.14.0:
  version "1.16.0"
  resolved "http://npm.paypal.com/eslint-plugin-import/-/eslint-plugin-import-1.16.0.tgz#b2fa07ebcc53504d0f2a4477582ec8bff1871b9f"
  dependencies:
    builtin-modules "^1.1.1"
    contains-path "^0.1.0"
    debug "^2.2.0"
    doctrine "1.3.x"
    es6-map "^0.1.3"
    es6-set "^0.1.4"
    eslint-import-resolver-node "^0.2.0"
    has "^1.0.1"
    lodash.cond "^4.3.0"
    lodash.endswith "^4.0.1"
    lodash.find "^4.3.0"
    lodash.findindex "^4.3.0"
    minimatch "^3.0.3"
    object-assign "^4.0.1"
    pkg-dir "^1.0.0"
    pkg-up "^1.0.0"

eslint-plugin-jsx-a11y@^2.2.1:
  version "2.2.3"
  resolved "http://npm.paypal.com/eslint-plugin-jsx-a11y/-/eslint-plugin-jsx-a11y-2.2.3.tgz#4e35cb71b8a7db702ac415c806eb8e8d9ea6c65d"
  dependencies:
    damerau-levenshtein "^1.0.0"
    jsx-ast-utils "^1.0.0"
    object-assign "^4.0.1"

eslint-plugin-react@^6.2.0:
  version "6.4.1"
  resolved "http://npm.paypal.com/eslint-plugin-react/-/eslint-plugin-react-6.4.1.tgz#7d1aade747db15892f71eee1fea4addf97bcfa2b"
  dependencies:
    doctrine "^1.2.2"
    jsx-ast-utils "^1.3.1"

eslint@^3.4.0:
  version "3.7.1"
  resolved "http://npm.paypal.com/eslint/-/eslint-3.7.1.tgz#7faa84599e0fea422f04bc32db49054051a3f11a"
  dependencies:
    chalk "^1.1.3"
    concat-stream "^1.4.6"
    debug "^2.1.1"
    doctrine "^1.2.2"
    escope "^3.6.0"
    espree "^3.3.1"
    estraverse "^4.2.0"
    esutils "^2.0.2"
    file-entry-cache "^2.0.0"
    glob "^7.0.3"
    globals "^9.2.0"
    ignore "^3.1.5"
    imurmurhash "^0.1.4"
    inquirer "^0.12.0"
    is-my-json-valid "^2.10.0"
    is-resolvable "^1.0.0"
    js-yaml "^3.5.1"
    json-stable-stringify "^1.0.0"
    levn "^0.3.0"
    lodash "^4.0.0"
    mkdirp "^0.5.0"
    natural-compare "^1.4.0"
    optionator "^0.8.1"
    path-is-inside "^1.0.1"
    pluralize "^1.2.1"
    progress "^1.1.8"
    require-uncached "^1.0.2"
    shelljs "^0.6.0"
    strip-bom "^3.0.0"
    strip-json-comments "~1.0.1"
    table "^3.7.8"
    text-table "~0.2.0"
    user-home "^2.0.0"

espree@^3.3.1:
  version "3.3.2"
  resolved "http://npm.paypal.com/espree/-/espree-3.3.2.tgz#dbf3fadeb4ecb4d4778303e50103b3d36c88b89c"
  dependencies:
    acorn "^4.0.1"
    acorn-jsx "^3.0.0"

esprima@^2.6.0:
  version "2.7.3"
  resolved "http://npm.paypal.com/esprima/-/esprima-2.7.3.tgz#96e3b70d5779f6ad49cd032673d1c312767ba581"

esrecurse@^4.1.0:
  version "4.1.0"
  resolved "http://npm.paypal.com/esrecurse/-/esrecurse-4.1.0.tgz#4713b6536adf7f2ac4f327d559e7756bff648220"
  dependencies:
    estraverse "~4.1.0"
    object-assign "^4.0.1"

estraverse@^4.1.1, estraverse@^4.2.0:
  version "4.2.0"
  resolved "http://npm.paypal.com/estraverse/-/estraverse-4.2.0.tgz#0dee3fed31fcd469618ce7342099fc1afa0bdb13"

estraverse@~4.1.0:
  version "4.1.1"
  resolved "http://npm.paypal.com/estraverse/-/estraverse-4.1.1.tgz#f6caca728933a850ef90661d0e17982ba47111a2"

esutils@^2.0.2:
  version "2.0.2"
  resolved "http://npm.paypal.com/esutils/-/esutils-2.0.2.tgz#0abf4f1caa5bcb1f7a9d8acc6dea4faaa04bac9b"

event-emitter@~0.3.4:
  version "0.3.4"
  resolved "http://npm.paypal.com/event-emitter/-/event-emitter-0.3.4.tgz#8d63ddfb4cfe1fae3b32ca265c4c720222080bb5"
  dependencies:
    d "~0.1.1"
    es5-ext "~0.10.7"

exit-hook@^1.0.0:
  version "1.1.1"
  resolved "http://npm.paypal.com/exit-hook/-/exit-hook-1.1.1.tgz#f05ca233b48c05d54fff07765df8507e95c02ff8"

extend@~3.0.0:
  version "3.0.0"
  resolved "http://npm.paypal.com/extend/-/extend-3.0.0.tgz#5a474353b9f3353ddd8176dfd37b91c83a46f1d4"

extsprintf@1.0.2:
  version "1.0.2"
  resolved "http://npm.paypal.com/extsprintf/-/extsprintf-1.0.2.tgz#e1080e0658e300b06294990cc70e1502235fd550"

fast-levenshtein@~2.0.4:
  version "2.0.5"
  resolved "http://npm.paypal.com/fast-levenshtein/-/fast-levenshtein-2.0.5.tgz#bd33145744519ab1c36c3ee9f31f08e9079b67f2"

fbjs@^0.8.4:
  version "0.8.5"
  resolved "http://npm.paypal.com/fbjs/-/fbjs-0.8.5.tgz#f69ba8a876096cb1b9bffe4d7c1e71c19d39d008"
  dependencies:
    core-js "^1.0.0"
    immutable "^3.7.6"
    isomorphic-fetch "^2.1.1"
    loose-envify "^1.0.0"
    object-assign "^4.1.0"
    promise "^7.1.1"
    ua-parser-js "^0.7.9"

figures@^1.3.5:
  version "1.7.0"
  resolved "http://npm.paypal.com/figures/-/figures-1.7.0.tgz#cbe1e3affcf1cd44b80cadfed28dc793a9701d2e"
  dependencies:
    escape-string-regexp "^1.0.5"
    object-assign "^4.1.0"

file-entry-cache@^2.0.0:
  version "2.0.0"
  resolved "http://npm.paypal.com/file-entry-cache/-/file-entry-cache-2.0.0.tgz#c392990c3e684783d838b8c84a45d8a048458361"
  dependencies:
    flat-cache "^1.2.1"
    object-assign "^4.0.1"

find-up@^1.0.0:
  version "1.1.2"
  resolved "http://npm.paypal.com/find-up/-/find-up-1.1.2.tgz#6b2e9822b1a2ce0a60ab64d610eccad53cb24d0f"
  dependencies:
    path-exists "^2.0.0"
    pinkie-promise "^2.0.0"

flat-cache@^1.2.1:
  version "1.2.1"
  resolved "http://npm.paypal.com/flat-cache/-/flat-cache-1.2.1.tgz#6c837d6225a7de5659323740b36d5361f71691ff"
  dependencies:
    circular-json "^0.3.0"
    del "^2.0.2"
    graceful-fs "^4.1.2"
    write "^0.2.1"

forever-agent@~0.6.1:
  version "0.6.1"
  resolved "http://npm.paypal.com/forever-agent/-/forever-agent-0.6.1.tgz#fbc71f0c41adeb37f96c577ad1ed42d8fdacca91"

form-data@~2.0.0:
  version "2.0.0"
  resolved "http://npm.paypal.com/form-data/-/form-data-2.0.0.tgz#6f0aebadcc5da16c13e1ecc11137d85f9b883b25"
  dependencies:
    asynckit "^0.4.0"
    combined-stream "^1.0.5"
    mime-types "^2.1.11"

fs.realpath@^1.0.0:
  version "1.0.0"
  resolved "http://npm.paypal.com/fs.realpath/-/fs.realpath-1.0.0.tgz#1504ad2523158caa40db4a2787cb01411994ea4f"

function-bind@^1.0.2:
  version "1.1.0"
  resolved "http://npm.paypal.com/function-bind/-/function-bind-1.1.0.tgz#16176714c801798e4e8f2cf7f7529467bb4a5771"

generate-function@^2.0.0:
  version "2.0.0"
  resolved "http://npm.paypal.com/generate-function/-/generate-function-2.0.0.tgz#6858fe7c0969b7d4e9093337647ac79f60dfbe74"

generate-object-property@^1.1.0:
  version "1.2.0"
  resolved "http://npm.paypal.com/generate-object-property/-/generate-object-property-1.2.0.tgz#9c0e1c40308ce804f4783618b937fa88f99d50d0"
  dependencies:
    is-property "^1.0.0"

getpass@^0.1.1:
  version "0.1.6"
  resolved "http://npm.paypal.com/getpass/-/getpass-0.1.6.tgz#283ffd9fc1256840875311c1b60e8c40187110e6"
  dependencies:
    assert-plus "^1.0.0"

glob@^7.0.3, glob@^7.0.5:
  version "7.1.1"
  resolved "http://npm.paypal.com/glob/-/glob-7.1.1.tgz#805211df04faaf1c63a3600306cdf5ade50b2ec8"
  dependencies:
    fs.realpath "^1.0.0"
    inflight "^1.0.4"
    inherits "2"
    minimatch "^3.0.2"
    once "^1.3.0"
    path-is-absolute "^1.0.0"

globals@^9.2.0:
  version "9.12.0"
  resolved "http://npm.paypal.com/globals/-/globals-9.12.0.tgz#992ce90828c3a55fa8f16fada177adb64664cf9d"

globby@^5.0.0:
  version "5.0.0"
  resolved "http://npm.paypal.com/globby/-/globby-5.0.0.tgz#ebd84667ca0dbb330b99bcfc68eac2bc54370e0d"
  dependencies:
    array-union "^1.0.1"
    arrify "^1.0.0"
    glob "^7.0.3"
    object-assign "^4.0.1"
    pify "^2.0.0"
    pinkie-promise "^2.0.0"

graceful-fs@^4.1.2:
  version "4.1.9"
  resolved "http://npm.paypal.com/graceful-fs/-/graceful-fs-4.1.9.tgz#baacba37d19d11f9d146d3578bc99958c3787e29"

"graceful-readlink@>= 1.0.0":
  version "1.0.1"
  resolved "http://npm.paypal.com/graceful-readlink/-/graceful-readlink-1.0.1.tgz#4cafad76bc62f02fa039b2f94e9a3dd3a391a725"

har-validator@~2.0.6:
  version "2.0.6"
  resolved "http://npm.paypal.com/har-validator/-/har-validator-2.0.6.tgz#cdcbc08188265ad119b6a5a7c8ab70eecfb5d27d"
  dependencies:
    chalk "^1.1.1"
    commander "^2.9.0"
    is-my-json-valid "^2.12.4"
    pinkie-promise "^2.0.0"

has-ansi@^2.0.0:
  version "2.0.0"
  resolved "http://npm.paypal.com/has-ansi/-/has-ansi-2.0.0.tgz#34f5049ce1ecdf2b0649af3ef24e45ed35416d91"
  dependencies:
    ansi-regex "^2.0.0"

has@^1.0.1:
  version "1.0.1"
  resolved "http://npm.paypal.com/has/-/has-1.0.1.tgz#8461733f538b0837c9361e39a9ab9e9704dc2f28"
  dependencies:
    function-bind "^1.0.2"

hawk@~3.1.3:
  version "3.1.3"
  resolved "http://npm.paypal.com/hawk/-/hawk-3.1.3.tgz#078444bd7c1640b0fe540d2c9b73d59678e8e1c4"
  dependencies:
    boom "2.x.x"
    cryptiles "2.x.x"
    hoek "2.x.x"
    sntp "1.x.x"

hoek@2.x.x:
  version "2.16.3"
  resolved "http://npm.paypal.com/hoek/-/hoek-2.16.3.tgz#20bb7403d3cea398e91dc4710a8ff1b8274a25ed"

http-signature@~1.1.0:
  version "1.1.1"
  resolved "http://npm.paypal.com/http-signature/-/http-signature-1.1.1.tgz#df72e267066cd0ac67fb76adf8e134a8fbcf91bf"
  dependencies:
    assert-plus "^0.2.0"
    jsprim "^1.2.2"
    sshpk "^1.7.0"

hyphenate-style-name@^1.0.1:
  version "1.0.1"
  resolved "http://npm.paypal.com/hyphenate-style-name/-/hyphenate-style-name-1.0.1.tgz#bc49b9446e02b4570641afdd29c1ce7609d1b9cc"

iconv-lite@~0.4.13, iconv-lite@0.4:
  version "0.4.13"
  resolved "http://npm.paypal.com/iconv-lite/-/iconv-lite-0.4.13.tgz#1f88aba4ab0b1508e8312acc39345f36e992e2f2"

ignore@^3.1.5:
  version "3.2.0"
  resolved "http://npm.paypal.com/ignore/-/ignore-3.2.0.tgz#8d88f03c3002a0ac52114db25d2c673b0bf1e435"

immutable@^3.7.6:
  version "3.8.1"
  resolved "http://npm.paypal.com/immutable/-/immutable-3.8.1.tgz#200807f11ab0f72710ea485542de088075f68cd2"

imurmurhash@^0.1.4:
  version "0.1.4"
  resolved "http://npm.paypal.com/imurmurhash/-/imurmurhash-0.1.4.tgz#9218b9b2b928a238b13dc4fb6b6d576f231453ea"

inflight@^1.0.4:
  version "1.0.5"
  resolved "http://npm.paypal.com/inflight/-/inflight-1.0.5.tgz#db3204cd5a9de2e6cd890b85c6e2f66bcf4f620a"
  dependencies:
    once "^1.3.0"
    wrappy "1"

inherits@~2.0.1, inherits@2:
  version "2.0.3"
  resolved "http://npm.paypal.com/inherits/-/inherits-2.0.3.tgz#633c2c83e3da42a502f52466022480f4208261de"

inline-style-prefixer@^2.0.0:
  version "2.0.4"
  resolved "http://npm.paypal.com/inline-style-prefixer/-/inline-style-prefixer-2.0.4.tgz#3134989ee8723e141161726e0eaaec7db36b413f"
  dependencies:
    bowser "^1.0.0"
    hyphenate-style-name "^1.0.1"

inquirer@^0.12.0:
  version "0.12.0"
  resolved "http://npm.paypal.com/inquirer/-/inquirer-0.12.0.tgz#1ef2bfd63504df0bc75785fff8c2c41df12f077e"
  dependencies:
    ansi-escapes "^1.1.0"
    ansi-regex "^2.0.0"
    chalk "^1.0.0"
    cli-cursor "^1.0.1"
    cli-width "^2.0.0"
    figures "^1.3.5"
    lodash "^4.3.0"
    readline2 "^1.0.1"
    run-async "^0.1.0"
    rx-lite "^3.1.2"
    string-width "^1.0.1"
    strip-ansi "^3.0.0"
    through "^2.3.6"

is-fullwidth-code-point@^1.0.0:
  version "1.0.0"
  resolved "http://npm.paypal.com/is-fullwidth-code-point/-/is-fullwidth-code-point-1.0.0.tgz#ef9e31386f031a7f0d643af82fde50c457ef00cb"
  dependencies:
    number-is-nan "^1.0.0"

is-my-json-valid@^2.10.0, is-my-json-valid@^2.12.4:
  version "2.15.0"
  resolved "http://npm.paypal.com/is-my-json-valid/-/is-my-json-valid-2.15.0.tgz#936edda3ca3c211fd98f3b2d3e08da43f7b2915b"
  dependencies:
    generate-function "^2.0.0"
    generate-object-property "^1.1.0"
    jsonpointer "^4.0.0"
    xtend "^4.0.0"

is-path-cwd@^1.0.0:
  version "1.0.0"
  resolved "http://npm.paypal.com/is-path-cwd/-/is-path-cwd-1.0.0.tgz#d225ec23132e89edd38fda767472e62e65f1106d"

is-path-in-cwd@^1.0.0:
  version "1.0.0"
  resolved "http://npm.paypal.com/is-path-in-cwd/-/is-path-in-cwd-1.0.0.tgz#6477582b8214d602346094567003be8a9eac04dc"
  dependencies:
    is-path-inside "^1.0.0"

is-path-inside@^1.0.0:
  version "1.0.0"
  resolved "http://npm.paypal.com/is-path-inside/-/is-path-inside-1.0.0.tgz#fc06e5a1683fbda13de667aff717bbc10a48f37f"
  dependencies:
    path-is-inside "^1.0.1"

is-property@^1.0.0:
  version "1.0.2"
  resolved "http://npm.paypal.com/is-property/-/is-property-1.0.2.tgz#57fe1c4e48474edd65b09911f26b1cd4095dda84"

is-resolvable@^1.0.0:
  version "1.0.0"
  resolved "http://npm.paypal.com/is-resolvable/-/is-resolvable-1.0.0.tgz#8df57c61ea2e3c501408d100fb013cf8d6e0cc62"
  dependencies:
    tryit "^1.0.1"

is-stream@^1.0.1:
  version "1.1.0"
  resolved "http://npm.paypal.com/is-stream/-/is-stream-1.1.0.tgz#12d4a3dd4e68e0b79ceb8dbc84173ae80d91ca44"

is-typedarray@~1.0.0:
  version "1.0.0"
  resolved "http://npm.paypal.com/is-typedarray/-/is-typedarray-1.0.0.tgz#e479c80858df0c1b11ddda6940f96011fcda4a9a"

isarray@^1.0.0, isarray@~1.0.0:
  version "1.0.0"
  resolved "http://npm.paypal.com/isarray/-/isarray-1.0.0.tgz#bb935d48582cba168c06834957a54a3e07124f11"

isomorphic-fetch@^2.1.1:
  version "2.2.1"
  resolved "http://npm.paypal.com/isomorphic-fetch/-/isomorphic-fetch-2.2.1.tgz#611ae1acf14f5e81f729507472819fe9733558a9"
  dependencies:
    node-fetch "^1.0.1"
    whatwg-fetch ">=0.10.0"

isstream@~0.1.2:
  version "0.1.2"
  resolved "http://npm.paypal.com/isstream/-/isstream-0.1.2.tgz#47e63f7af55afa6f92e1500e690eb8b8529c099a"

jodid25519@^1.0.0:
  version "1.0.2"
  resolved "http://npm.paypal.com/jodid25519/-/jodid25519-1.0.2.tgz#06d4912255093419477d425633606e0e90782967"
  dependencies:
    jsbn "~0.1.0"

js-tokens@^1.0.1:
  version "1.0.3"
  resolved "http://npm.paypal.com/js-tokens/-/js-tokens-1.0.3.tgz#14e56eb68c8f1a92c43d59f5014ec29dc20f2ae1"

js-yaml@^3.5.1:
  version "3.6.1"
  resolved "http://npm.paypal.com/js-yaml/-/js-yaml-3.6.1.tgz#6e5fe67d8b205ce4d22fad05b7781e8dadcc4b30"
  dependencies:
    argparse "^1.0.7"
    esprima "^2.6.0"

jsbn@~0.1.0:
  version "0.1.0"
  resolved "http://npm.paypal.com/jsbn/-/jsbn-0.1.0.tgz#650987da0dd74f4ebf5a11377a2aa2d273e97dfd"

json-schema@0.2.3:
  version "0.2.3"
  resolved "http://npm.paypal.com/json-schema/-/json-schema-0.2.3.tgz#b480c892e59a2f05954ce727bd3f2a4e882f9e13"

json-stable-stringify@^1.0.0, json-stable-stringify@^1.0.1:
  version "1.0.1"
  resolved "http://npm.paypal.com/json-stable-stringify/-/json-stable-stringify-1.0.1.tgz#9a759d39c5f2ff503fd5300646ed445f88c4f9af"
  dependencies:
    jsonify "~0.0.0"

json-stringify-safe@~5.0.1:
  version "5.0.1"
  resolved "http://npm.paypal.com/json-stringify-safe/-/json-stringify-safe-5.0.1.tgz#1296a2d58fd45f19a0f6ce01d65701e2c735b6eb"

jsonify@~0.0.0:
  version "0.0.0"
  resolved "http://npm.paypal.com/jsonify/-/jsonify-0.0.0.tgz#2c74b6ee41d93ca51b7b5aaee8f503631d252a73"

jsonpointer@^4.0.0:
  version "4.0.0"
  resolved "http://npm.paypal.com/jsonpointer/-/jsonpointer-4.0.0.tgz#6661e161d2fc445f19f98430231343722e1fcbd5"

jsprim@^1.2.2:
  version "1.3.1"
  resolved "http://npm.paypal.com/jsprim/-/jsprim-1.3.1.tgz#2a7256f70412a29ee3670aaca625994c4dcff252"
  dependencies:
    extsprintf "1.0.2"
    json-schema "0.2.3"
    verror "1.3.6"

jsx-ast-utils@^1.0.0, jsx-ast-utils@^1.3.1:
  version "1.3.1"
  resolved "http://npm.paypal.com/jsx-ast-utils/-/jsx-ast-utils-1.3.1.tgz#14313c5c50da5b0c47020af5d1560c17e781a05a"
  dependencies:
    object-assign "^4.1.0"

levn@^0.3.0, levn@~0.3.0:
  version "0.3.0"
  resolved "http://npm.paypal.com/levn/-/levn-0.3.0.tgz#3b09924edf9f083c0490fdd4c0bc4421e04764ee"
  dependencies:
    prelude-ls "~1.1.2"
    type-check "~0.3.2"

lodash.cond@^4.3.0:
  version "4.5.2"
  resolved "http://npm.paypal.com/lodash.cond/-/lodash.cond-4.5.2.tgz#f471a1da486be60f6ab955d17115523dd1d255d5"

lodash.endswith@^4.0.1:
  version "4.2.1"
  resolved "http://npm.paypal.com/lodash.endswith/-/lodash.endswith-4.2.1.tgz#fed59ac1738ed3e236edd7064ec456448b37bc09"

lodash.find@^4.3.0:
  version "4.6.0"
  resolved "http://npm.paypal.com/lodash.find/-/lodash.find-4.6.0.tgz#cb0704d47ab71789ffa0de8b97dd926fb88b13b1"

lodash.findindex@^4.3.0:
  version "4.6.0"
  resolved "http://npm.paypal.com/lodash.findindex/-/lodash.findindex-4.6.0.tgz#a3245dee61fb9b6e0624b535125624bb69c11106"

lodash@^4.0.0, lodash@^4.15.0, lodash@^4.3.0:
  version "4.16.4"
  resolved "http://npm.paypal.com/lodash/-/lodash-4.16.4.tgz#01ce306b9bad1319f2a5528674f88297aeb70127"

loose-envify@^1.0.0, loose-envify@^1.1.0:
  version "1.2.0"
  resolved "http://npm.paypal.com/loose-envify/-/loose-envify-1.2.0.tgz#69a65aad3de542cf4ee0f4fe74e8e33c709ccb0f"
  dependencies:
    js-tokens "^1.0.1"

lru-cache@^4.0.1:
  version "4.0.1"
  resolved "http://npm.paypal.com/lru-cache/-/lru-cache-4.0.1.tgz#1343955edaf2e37d9b9e7ee7241e27c4b9fb72be"
  dependencies:
    pseudomap "^1.0.1"
    yallist "^2.0.0"

mime-db@~1.24.0:
  version "1.24.0"
  resolved "http://npm.paypal.com/mime-db/-/mime-db-1.24.0.tgz#e2d13f939f0016c6e4e9ad25a8652f126c467f0c"

mime-types@^2.1.11, mime-types@~2.1.7:
  version "2.1.12"
  resolved "http://npm.paypal.com/mime-types/-/mime-types-2.1.12.tgz#152ba256777020dd4663f54c2e7bc26381e71729"
  dependencies:
    mime-db "~1.24.0"

minimatch@^3.0.2, minimatch@^3.0.3:
  version "3.0.3"
  resolved "http://npm.paypal.com/minimatch/-/minimatch-3.0.3.tgz#2a4e4090b96b2db06a9d7df01055a62a77c9b774"
  dependencies:
    brace-expansion "^1.0.0"

minimist@0.0.8:
  version "0.0.8"
  resolved "http://npm.paypal.com/minimist/-/minimist-0.0.8.tgz#857fcabfc3397d2625b8228262e86aa7a011b05d"

mkdirp@^0.5.0, mkdirp@^0.5.1:
  version "0.5.1"
  resolved "http://npm.paypal.com/mkdirp/-/mkdirp-0.5.1.tgz#30057438eac6cf7f8c4767f38648d6697d75c903"
  dependencies:
    minimist "0.0.8"

moment@^2.10.6, moment@^2.14.1:
  version "2.15.1"
  resolved "http://npm.paypal.com/moment/-/moment-2.15.1.tgz#e979c2a29e22888e60f396f2220a6118f85cd94c"

ms@0.7.1:
  version "0.7.1"
  resolved "http://npm.paypal.com/ms/-/ms-0.7.1.tgz#9cd13c03adbff25b65effde7ce864ee952017098"

mute-stream@0.0.5:
  version "0.0.5"
  resolved "http://npm.paypal.com/mute-stream/-/mute-stream-0.0.5.tgz#8fbfabb0a98a253d3184331f9e8deb7372fac6c0"

natural-compare@^1.4.0:
  version "1.4.0"
  resolved "http://npm.paypal.com/natural-compare/-/natural-compare-1.4.0.tgz#4abebfeed7541f2c27acfb29bdbbd15c8d5ba4f7"

node-fetch@^1.0.1:
  version "1.6.3"
  resolved "http://npm.paypal.com/node-fetch/-/node-fetch-1.6.3.tgz#dc234edd6489982d58e8f0db4f695029abcd8c04"
  dependencies:
    encoding "^0.1.11"
    is-stream "^1.0.1"

node-uuid@~1.4.7:
  version "1.4.7"
  resolved "http://npm.paypal.com/node-uuid/-/node-uuid-1.4.7.tgz#6da5a17668c4b3dd59623bda11cf7fa4c1f60a6f"

number-is-nan@^1.0.0:
  version "1.0.1"
  resolved "http://npm.paypal.com/number-is-nan/-/number-is-nan-1.0.1.tgz#097b602b53422a522c1afb8790318336941a011d"

oauth-sign@~0.8.1:
  version "0.8.2"
  resolved "http://npm.paypal.com/oauth-sign/-/oauth-sign-0.8.2.tgz#46a6ab7f0aead8deae9ec0565780b7d4efeb9d43"

object-assign@^4.0.1, object-assign@^4.1.0:
  version "4.1.0"
  resolved "http://npm.paypal.com/object-assign/-/object-assign-4.1.0.tgz#7a3b3d0e98063d43f4c03f2e8ae6cd51a86883a0"

once@^1.3.0:
  version "1.4.0"
  resolved "http://npm.paypal.com/once/-/once-1.4.0.tgz#583b1aa775961d4b113ac17d9c50baef9dd76bd1"
  dependencies:
    wrappy "1"

onetime@^1.0.0:
  version "1.1.0"
  resolved "http://npm.paypal.com/onetime/-/onetime-1.1.0.tgz#a1f7838f8314c516f05ecefcbc4ccfe04b4ed789"

optionator@^0.8.1:
  version "0.8.2"
  resolved "http://npm.paypal.com/optionator/-/optionator-0.8.2.tgz#364c5e409d3f4d6301d6c0b4c05bba50180aeb64"
  dependencies:
    deep-is "~0.1.3"
    fast-levenshtein "~2.0.4"
    levn "~0.3.0"
    prelude-ls "~1.1.2"
    type-check "~0.3.2"
    wordwrap "~1.0.0"

os-homedir@^1.0.0:
  version "1.0.2"
  resolved "http://npm.paypal.com/os-homedir/-/os-homedir-1.0.2.tgz#ffbc4988336e0e833de0c168c7ef152121aa7fb3"

path-exists@^2.0.0:
  version "2.1.0"
  resolved "http://npm.paypal.com/path-exists/-/path-exists-2.1.0.tgz#0feb6c64f0fc518d9a754dd5efb62c7022761f4b"
  dependencies:
    pinkie-promise "^2.0.0"

path-is-absolute@^1.0.0:
  version "1.0.1"
  resolved "http://npm.paypal.com/path-is-absolute/-/path-is-absolute-1.0.1.tgz#174b9268735534ffbc7ace6bf53a5a9e1b5c5f5f"

path-is-inside@^1.0.1:
  version "1.0.2"
  resolved "http://npm.paypal.com/path-is-inside/-/path-is-inside-1.0.2.tgz#365417dede44430d1c11af61027facf074bdfc53"

pify@^2.0.0:
  version "2.3.0"
  resolved "http://npm.paypal.com/pify/-/pify-2.3.0.tgz#ed141a6ac043a849ea588498e7dca8b15330e90c"

pinkie-promise@^2.0.0:
  version "2.0.1"
  resolved "http://npm.paypal.com/pinkie-promise/-/pinkie-promise-2.0.1.tgz#2135d6dfa7a358c069ac9b178776288228450ffa"
  dependencies:
    pinkie "^2.0.0"

pinkie@^2.0.0:
  version "2.0.4"
  resolved "http://npm.paypal.com/pinkie/-/pinkie-2.0.4.tgz#72556b80cfa0d48a974e80e77248e80ed4f7f870"

pkg-dir@^1.0.0:
  version "1.0.0"
  resolved "http://npm.paypal.com/pkg-dir/-/pkg-dir-1.0.0.tgz#7a4b508a8d5bb2d629d447056ff4e9c9314cf3d4"
  dependencies:
    find-up "^1.0.0"

pkg-up@^1.0.0:
  version "1.0.0"
  resolved "http://npm.paypal.com/pkg-up/-/pkg-up-1.0.0.tgz#3e08fb461525c4421624a33b9f7e6d0af5b05a26"
  dependencies:
    find-up "^1.0.0"

pluralize@^1.2.1:
  version "1.2.1"
  resolved "http://npm.paypal.com/pluralize/-/pluralize-1.2.1.tgz#d1a21483fd22bb41e58a12fa3421823140897c45"

prelude-ls@~1.1.2:
  version "1.1.2"
  resolved "http://npm.paypal.com/prelude-ls/-/prelude-ls-1.1.2.tgz#21932a549f5e52ffd9a827f570e04be62a97da54"

process-nextick-args@~1.0.6:
  version "1.0.7"
  resolved "http://npm.paypal.com/process-nextick-args/-/process-nextick-args-1.0.7.tgz#150e20b756590ad3f91093f25a4f2ad8bff30ba3"

progress@^1.1.8:
  version "1.1.8"
  resolved "http://npm.paypal.com/progress/-/progress-1.1.8.tgz#e260c78f6161cdd9b0e56cc3e0a85de17c7a57be"

promise@^7.1.1:
  version "7.1.1"
  resolved "http://npm.paypal.com/promise/-/promise-7.1.1.tgz#489654c692616b8aa55b0724fa809bb7db49c5bf"
  dependencies:
    asap "~2.0.3"

pseudomap@^1.0.1:
  version "1.0.2"
  resolved "http://npm.paypal.com/pseudomap/-/pseudomap-1.0.2.tgz#f052a28da70e618917ef0a8ac34c1ae5a68286b3"

qs@~6.2.0:
  version "6.2.1"
  resolved "http://npm.paypal.com/qs/-/qs-6.2.1.tgz#ce03c5ff0935bc1d9d69a9f14cbd18e568d67625"

ramda@^0.22.1:
  version "0.22.1"
  resolved "http://npm.paypal.com/ramda/-/ramda-0.22.1.tgz#031da0c3df417c5b33c96234757eb37033f36a0e"

react-addons-shallow-compare@^15.3.1:
  version "15.3.2"
  resolved "http://npm.paypal.com/react-addons-shallow-compare/-/react-addons-shallow-compare-15.3.2.tgz#c9edba49b9eab44d0c59024d289beb1ab97318b5"

react-chartjs-2@^1.2.4:
  version "1.4.0"
  resolved "http://npm.paypal.com/react-chartjs-2/-/react-chartjs-2-1.4.0.tgz#ba6cbd2d977096693fad45596ac9309d986dd6f4"
  dependencies:
    chart.js "^2.3.0"

react-dom@^15.3.1:
  version "15.3.2"
  resolved "http://npm.paypal.com/react-dom/-/react-dom-15.3.2.tgz#c46b0aa5380d7b838e7a59c4a7beff2ed315531f"

react@^15.3.1:
  version "15.3.2"
  resolved "http://npm.paypal.com/react/-/react-15.3.2.tgz#a7bccd2fee8af126b0317e222c28d1d54528d09e"
  dependencies:
    fbjs "^0.8.4"
    loose-envify "^1.1.0"
    object-assign "^4.1.0"

readable-stream@~2.0.0, readable-stream@~2.0.5:
  version "2.0.6"
  resolved "http://npm.paypal.com/readable-stream/-/readable-stream-2.0.6.tgz#8f90341e68a53ccc928788dacfcd11b36eb9b78e"
  dependencies:
    core-util-is "~1.0.0"
    inherits "~2.0.1"
    isarray "~1.0.0"
    process-nextick-args "~1.0.6"
    string_decoder "~0.10.x"
    util-deprecate "~1.0.1"

readline2@^1.0.1:
  version "1.0.1"
  resolved "http://npm.paypal.com/readline2/-/readline2-1.0.1.tgz#41059608ffc154757b715d9989d199ffbf372e35"
  dependencies:
    code-point-at "^1.0.0"
    is-fullwidth-code-point "^1.0.0"
    mute-stream "0.0.5"

request@^2.74.0:
  version "2.75.0"
  resolved "http://npm.paypal.com/request/-/request-2.75.0.tgz#d2b8268a286da13eaa5d01adf5d18cc90f657d93"
  dependencies:
    aws-sign2 "~0.6.0"
    aws4 "^1.2.1"
    bl "~1.1.2"
    caseless "~0.11.0"
    combined-stream "~1.0.5"
    extend "~3.0.0"
    forever-agent "~0.6.1"
    form-data "~2.0.0"
    har-validator "~2.0.6"
    hawk "~3.1.3"
    http-signature "~1.1.0"
    is-typedarray "~1.0.0"
    isstream "~0.1.2"
    json-stringify-safe "~5.0.1"
    mime-types "~2.1.7"
    node-uuid "~1.4.7"
    oauth-sign "~0.8.1"
    qs "~6.2.0"
    stringstream "~0.0.4"
    tough-cookie "~2.3.0"
    tunnel-agent "~0.4.1"

require-uncached@^1.0.2:
  version "1.0.2"
  resolved "http://npm.paypal.com/require-uncached/-/require-uncached-1.0.2.tgz#67dad3b733089e77030124678a459589faf6a7ec"
  dependencies:
    caller-path "^0.1.0"
    resolve-from "^1.0.0"

resolve-from@^1.0.0:
  version "1.0.1"
  resolved "http://npm.paypal.com/resolve-from/-/resolve-from-1.0.1.tgz#26cbfe935d1aeeeabb29bc3fe5aeb01e93d44226"

resolve@^1.1.6:
  version "1.1.7"
  resolved "http://npm.paypal.com/resolve/-/resolve-1.1.7.tgz#203114d82ad2c5ed9e8e0411b3932875e889e97b"

restore-cursor@^1.0.1:
  version "1.0.1"
  resolved "http://npm.paypal.com/restore-cursor/-/restore-cursor-1.0.1.tgz#34661f46886327fed2991479152252df92daa541"
  dependencies:
    exit-hook "^1.0.0"
    onetime "^1.0.0"

rimraf@^2.2.8:
  version "2.5.4"
  resolved "http://npm.paypal.com/rimraf/-/rimraf-2.5.4.tgz#96800093cbf1a0c86bd95b4625467535c29dfa04"
  dependencies:
    glob "^7.0.5"

run-async@^0.1.0:
  version "0.1.0"
  resolved "http://npm.paypal.com/run-async/-/run-async-0.1.0.tgz#c8ad4a5e110661e402a7d21b530e009f25f8e389"
  dependencies:
    once "^1.3.0"

rw@1:
  version "1.3.2"
  resolved "http://npm.paypal.com/rw/-/rw-1.3.2.tgz#14ef5137ff7547c73ecf0e0af1f0aee07e5401ee"

rx-lite@^3.1.2:
  version "3.1.2"
  resolved "http://npm.paypal.com/rx-lite/-/rx-lite-3.1.2.tgz#19ce502ca572665f3b647b10939f97fd1615f102"

shelljs@^0.6.0:
  version "0.6.1"
  resolved "http://npm.paypal.com/shelljs/-/shelljs-0.6.1.tgz#ec6211bed1920442088fe0f70b2837232ed2c8a8"

slice-ansi@0.0.4:
  version "0.0.4"
  resolved "http://npm.paypal.com/slice-ansi/-/slice-ansi-0.0.4.tgz#edbf8903f66f7ce2f8eafd6ceed65e264c831b35"

sntp@1.x.x:
  version "1.0.9"
  resolved "http://npm.paypal.com/sntp/-/sntp-1.0.9.tgz#6541184cc90aeea6c6e7b35e2659082443c66198"
  dependencies:
    hoek "2.x.x"

sprintf-js@~1.0.2:
  version "1.0.3"
  resolved "http://npm.paypal.com/sprintf-js/-/sprintf-js-1.0.3.tgz#04e6926f662895354f3dd015203633b857297e2c"

sshpk@^1.7.0:
  version "1.10.1"
  resolved "http://npm.paypal.com/sshpk/-/sshpk-1.10.1.tgz#30e1a5d329244974a1af61511339d595af6638b0"
  dependencies:
    asn1 "~0.2.3"
    assert-plus "^1.0.0"
    dashdash "^1.12.0"
    getpass "^0.1.1"
  optionalDependencies:
    bcrypt-pbkdf "^1.0.0"
    ecc-jsbn "~0.1.1"
    jodid25519 "^1.0.0"
    jsbn "~0.1.0"
    tweetnacl "~0.14.0"

string_decoder@~0.10.x:
  version "0.10.31"
  resolved "http://npm.paypal.com/string_decoder/-/string_decoder-0.10.31.tgz#62e203bc41766c6c28c9fc84301dab1c5310fa94"

string-width@^1.0.1:
  version "1.0.2"
  resolved "http://npm.paypal.com/string-width/-/string-width-1.0.2.tgz#118bdf5b8cdc51a2a7e70d211e07e2b0b9b107d3"
  dependencies:
    code-point-at "^1.0.0"
    is-fullwidth-code-point "^1.0.0"
    strip-ansi "^3.0.0"

stringstream@~0.0.4:
  version "0.0.5"
  resolved "http://npm.paypal.com/stringstream/-/stringstream-0.0.5.tgz#4e484cd4de5a0bbbee18e46307710a8a81621878"

strip-ansi@^3.0.0:
  version "3.0.1"
  resolved "http://npm.paypal.com/strip-ansi/-/strip-ansi-3.0.1.tgz#6a385fb8853d952d5ff05d0e8aaf94278dc63dcf"
  dependencies:
    ansi-regex "^2.0.0"

strip-bom@^3.0.0:
  version "3.0.0"
  resolved "http://npm.paypal.com/strip-bom/-/strip-bom-3.0.0.tgz#2334c18e9c759f7bdd56fdef7e9ae3d588e68ed3"

strip-json-comments@~1.0.1:
  version "1.0.4"
  resolved "http://npm.paypal.com/strip-json-comments/-/strip-json-comments-1.0.4.tgz#1e15fbcac97d3ee99bf2d73b4c656b082bbafb91"

supports-color@^2.0.0:
  version "2.0.0"
  resolved "http://npm.paypal.com/supports-color/-/supports-color-2.0.0.tgz#535d045ce6b6363fa40117084629995e9df324c7"

table@^3.7.8:
  version "3.8.0"
  resolved "http://npm.paypal.com/table/-/table-3.8.0.tgz#252166c7f3286684a9d561b0f3a8929caf3a997b"
  dependencies:
    ajv "^4.7.0"
    ajv-keywords "^1.0.0"
    chalk "^1.1.1"
    lodash "^4.0.0"
    slice-ansi "0.0.4"
    string-width "^1.0.1"

text-table@~0.2.0:
  version "0.2.0"
  resolved "http://npm.paypal.com/text-table/-/text-table-0.2.0.tgz#7f5ee823ae805207c00af2df4a84ec3fcfa570b4"

through@^2.3.6:
  version "2.3.8"
  resolved "http://npm.paypal.com/through/-/through-2.3.8.tgz#0dd4c9ffaabc357960b1b724115d7e0e86a2e1f5"

tough-cookie@~2.3.0:
  version "2.3.1"
  resolved "http://npm.paypal.com/tough-cookie/-/tough-cookie-2.3.1.tgz#99c77dfbb7d804249e8a299d4cb0fd81fef083fd"

tryit@^1.0.1:
  version "1.0.2"
  resolved "http://npm.paypal.com/tryit/-/tryit-1.0.2.tgz#c196b0073e6b1c595d93c9c830855b7acc32a453"

tunnel-agent@~0.4.1:
  version "0.4.3"
  resolved "http://npm.paypal.com/tunnel-agent/-/tunnel-agent-0.4.3.tgz#6373db76909fe570e08d73583365ed828a74eeeb"

tweetnacl@^0.14.3, tweetnacl@~0.14.0:
  version "0.14.3"
  resolved "http://npm.paypal.com/tweetnacl/-/tweetnacl-0.14.3.tgz#3da382f670f25ded78d7b3d1792119bca0b7132d"

type-check@~0.3.2:
  version "0.3.2"
  resolved "http://npm.paypal.com/type-check/-/type-check-0.3.2.tgz#5884cab512cf1d355e3fb784f30804b2b520db72"
  dependencies:
    prelude-ls "~1.1.2"

typedarray@~0.0.5:
  version "0.0.6"
  resolved "http://npm.paypal.com/typedarray/-/typedarray-0.0.6.tgz#867ac74e3864187b1d3d47d996a78ec5c8830777"

ua-parser-js@^0.7.9:
  version "0.7.10"
  resolved "http://npm.paypal.com/ua-parser-js/-/ua-parser-js-0.7.10.tgz#917559ddcce07cbc09ece7d80495e4c268f4ef9f"

user-home@^2.0.0:
  version "2.0.0"
  resolved "http://npm.paypal.com/user-home/-/user-home-2.0.0.tgz#9c70bfd8169bc1dcbf48604e0f04b8b49cde9e9f"
  dependencies:
    os-homedir "^1.0.0"

util-deprecate@~1.0.1:
  version "1.0.2"
  resolved "http://npm.paypal.com/util-deprecate/-/util-deprecate-1.0.2.tgz#450d4dc9fa70de732762fbd2d4a28981419a0ccf"

verror@1.3.6:
  version "1.3.6"
  resolved "http://npm.paypal.com/verror/-/verror-1.3.6.tgz#cff5df12946d297d2baaefaa2689e25be01c005c"
  dependencies:
    extsprintf "1.0.2"

whatwg-fetch@>=0.10.0:
  version "1.0.0"
  resolved "http://npm.paypal.com/whatwg-fetch/-/whatwg-fetch-1.0.0.tgz#01c2ac4df40e236aaa18480e3be74bd5c8eb798e"

wordwrap@~1.0.0:
  version "1.0.0"
  resolved "http://npm.paypal.com/wordwrap/-/wordwrap-1.0.0.tgz#27584810891456a4171c8d0226441ade90cbcaeb"

wrappy@1:
  version "1.0.2"
  resolved "http://npm.paypal.com/wrappy/-/wrappy-1.0.2.tgz#b5243d8f3ec1aa35f1364605bc0d1036e30ab69f"

write@^0.2.1:
  version "0.2.1"
  resolved "http://npm.paypal.com/write/-/write-0.2.1.tgz#5fc03828e264cea3fe91455476f7a3c566cb0757"
  dependencies:
    mkdirp "^0.5.1"

xmlhttprequest@1:
  version "1.8.0"
  resolved "http://npm.paypal.com/xmlhttprequest/-/xmlhttprequest-1.8.0.tgz#67fe075c5c24fef39f9d65f5f7b7fe75171968fc"

xtend@^4.0.0:
  version "4.0.1"
  resolved "http://npm.paypal.com/xtend/-/xtend-4.0.1.tgz#a5c6d532be656e23db820efb943a1f04998d63af"

yallist@^2.0.0:
  version "2.0.0"
  resolved "http://npm.paypal.com/yallist/-/yallist-2.0.0.tgz#306c543835f09ee1a4cb23b7bce9ab341c91cdd4"

